
Microsoft Visual Studio Solution File, Format Version 12.00
# Visual Studio 2015
Project("{FAE04EC0-301F-11D3-BF4B-00C04F79EFBC}") = "UFO_Cows.CSharp", "UFO_Cows.CSharp.csproj", "{9D127613-DABA-D234-F07D-AE7060CBA733}"
EndProject
Project("{FAE04EC0-301F-11D3-BF4B-00C04F79EFBC}") = "UFO_Cows.CSharp.Editor", "UFO_Cows.CSharp.Editor.csproj", "{56B6CCF6-BFEE-9034-0BF9-177BD3EF70FA}"
EndProject
Global
	GlobalSection(SolutionConfigurationPlatforms) = preSolution
		Debug|Any CPU = Debug|Any CPU
		Release|Any CPU = Release|Any CPU
	EndGlobalSection
	GlobalSection(ProjectConfigurationPlatforms) = postSolution
		{9D127613-DABA-D234-F07D-AE7060CBA733}.Debug|Any CPU.ActiveCfg = Debug|Any CPU
		{9D127613-DABA-D234-F07D-AE7060CBA733}.Debug|Any CPU.Build.0 = Debug|Any CPU
		{9D127613-DABA-D234-F07D-AE7060CBA733}.Release|Any CPU.ActiveCfg = Release|Any CPU
		{9D127613-DABA-D234-F07D-AE7060CBA733}.Release|Any CPU.Build.0 = Release|Any CPU
		{56B6CCF6-BFEE-9034-0BF9-177BD3EF70FA}.Debug|Any CPU.ActiveCfg = Debug|Any CPU
		{56B6CCF6-BFEE-9034-0BF9-177BD3EF70FA}.Debug|Any CPU.Build.0 = Debug|Any CPU
		{56B6CCF6-BFEE-9034-0BF9-177BD3EF70FA}.Release|Any CPU.ActiveCfg = Release|Any CPU
		{56B6CCF6-BFEE-9034-0BF9-177BD3EF70FA}.Release|Any CPU.Build.0 = Release|Any CPU
	EndGlobalSection
	GlobalSection(SolutionProperties) = preSolution
		HideSolutionNode = FALSE
	EndGlobalSection
EndGlobal
